
Microsoft Visual Studio Solution File, Format Version 12.00
# Visual Studio Version 16
VisualStudioVersion = 25.0.1706.12
MinimumVisualStudioVersion = 10.0.40219.1
Project("{FAE04EC0-301F-11D3-BF4B-00C04F79EFBC}") = "Ticket Price Calculator", "Ticket Price Calculator\Ticket Price Calculator.csproj", "{F813355B-8E12-4660-BE76-D614C7DA1612}"
EndProject
Global
	GlobalSection(SolutionConfigurationPlatforms) = preSolution
		Debug|Any CPU = Debug|Any CPU
		Release|Any CPU = Release|Any CPU
	EndGlobalSection
	GlobalSection(ProjectConfigurationPlatforms) = postSolution
		{F813355B-8E12-4660-BE76-D614C7DA1612}.Debug|Any CPU.ActiveCfg = Debug|Any CPU
		{F813355B-8E12-4660-BE76-D614C7DA1612}.Debug|Any CPU.Build.0 = Debug|Any CPU
		{F813355B-8E12-4660-BE76-D614C7DA1612}.Release|Any CPU.ActiveCfg = Release|Any CPU
		{F813355B-8E12-4660-BE76-D614C7DA1612}.Release|Any CPU.Build.0 = Release|Any CPU
	EndGlobalSection
	GlobalSection(SolutionProperties) = preSolution
		HideSolutionNode = FALSE
	EndGlobalSection
	GlobalSection(ExtensibilityGlobals) = postSolution
		SolutionGuid = {E8F81694-77A9-4ECD-B226-50F21B53BBD3}
	EndGlobalSection
EndGlobal
